
Microsoft Visual Studio Solution File, Format Version 12.00
# Visual Studio 2012
Project("{FAE04EC0-301F-11D3-BF4B-00C04F79EFBC}") = "EMS2", "EMS2\EMS2.csproj", "{FD85FF6A-5B56-4884-9089-72A1DF600275}"
EndProject
Project("{FAE04EC0-301F-11D3-BF4B-00C04F79EFBC}") = "DAL", "DAL\DAL.csproj", "{25654781-216F-4892-8D4F-00156EFE942F}"
EndProject
Project("{FAE04EC0-301F-11D3-BF4B-00C04F79EFBC}") = "BLL", "BLL\BLL.csproj", "{8DCEE5B4-113E-4CB9-BA02-AEB52670B3B4}"
EndProject
Project("{FAE04EC0-301F-11D3-BF4B-00C04F79EFBC}") = "Views", "Views\Views.csproj", "{56A2B7BE-C9F0-49C0-9E60-E0737A61A7C2}"
EndProject
Project("{FAE04EC0-301F-11D3-BF4B-00C04F79EFBC}") = "BO", "BO\BO.csproj", "{B6FED707-7F13-4C0B-9C1D-16B8203F4CB2}"
EndProject
Global
	GlobalSection(SolutionConfigurationPlatforms) = preSolution
		Debug|Any CPU = Debug|Any CPU
		Release|Any CPU = Release|Any CPU
	EndGlobalSection
	GlobalSection(ProjectConfigurationPlatforms) = postSolution
		{FD85FF6A-5B56-4884-9089-72A1DF600275}.Debug|Any CPU.ActiveCfg = Debug|Any CPU
		{FD85FF6A-5B56-4884-9089-72A1DF600275}.Debug|Any CPU.Build.0 = Debug|Any CPU
		{FD85FF6A-5B56-4884-9089-72A1DF600275}.Release|Any CPU.ActiveCfg = Release|Any CPU
		{FD85FF6A-5B56-4884-9089-72A1DF600275}.Release|Any CPU.Build.0 = Release|Any CPU
		{25654781-216F-4892-8D4F-00156EFE942F}.Debug|Any CPU.ActiveCfg = Debug|Any CPU
		{25654781-216F-4892-8D4F-00156EFE942F}.Debug|Any CPU.Build.0 = Debug|Any CPU
		{25654781-216F-4892-8D4F-00156EFE942F}.Release|Any CPU.ActiveCfg = Release|Any CPU
		{25654781-216F-4892-8D4F-00156EFE942F}.Release|Any CPU.Build.0 = Release|Any CPU
		{8DCEE5B4-113E-4CB9-BA02-AEB52670B3B4}.Debug|Any CPU.ActiveCfg = Debug|Any CPU
		{8DCEE5B4-113E-4CB9-BA02-AEB52670B3B4}.Debug|Any CPU.Build.0 = Debug|Any CPU
		{8DCEE5B4-113E-4CB9-BA02-AEB52670B3B4}.Release|Any CPU.ActiveCfg = Release|Any CPU
		{8DCEE5B4-113E-4CB9-BA02-AEB52670B3B4}.Release|Any CPU.Build.0 = Release|Any CPU
		{56A2B7BE-C9F0-49C0-9E60-E0737A61A7C2}.Debug|Any CPU.ActiveCfg = Debug|Any CPU
		{56A2B7BE-C9F0-49C0-9E60-E0737A61A7C2}.Debug|Any CPU.Build.0 = Debug|Any CPU
		{56A2B7BE-C9F0-49C0-9E60-E0737A61A7C2}.Release|Any CPU.ActiveCfg = Release|Any CPU
		{56A2B7BE-C9F0-49C0-9E60-E0737A61A7C2}.Release|Any CPU.Build.0 = Release|Any CPU
		{B6FED707-7F13-4C0B-9C1D-16B8203F4CB2}.Debug|Any CPU.ActiveCfg = Debug|Any CPU
		{B6FED707-7F13-4C0B-9C1D-16B8203F4CB2}.Debug|Any CPU.Build.0 = Debug|Any CPU
		{B6FED707-7F13-4C0B-9C1D-16B8203F4CB2}.Release|Any CPU.ActiveCfg = Release|Any CPU
		{B6FED707-7F13-4C0B-9C1D-16B8203F4CB2}.Release|Any CPU.Build.0 = Release|Any CPU
	EndGlobalSection
	GlobalSection(SolutionProperties) = preSolution
		HideSolutionNode = FALSE
	EndGlobalSection
EndGlobal
